
Microsoft Visual Studio Solution File, Format Version 12.00
# Visual Studio Version 17
VisualStudioVersion = 17.14.36623.8 d17.14
MinimumVisualStudioVersion = 10.0.40219.1
Project("{888888A0-9F3D-457C-B088-3A5042F75D52}") = "DigitalForensicsTool", "DigitalForensicsTool\DigitalForensicsTool.pyproj", "{B68D2C8B-2A40-4C45-B3DA-F02F518EBFE9}"
EndProject
Global
	GlobalSection(SolutionConfigurationPlatforms) = preSolution
		Debug|Any CPU = Debug|Any CPU
		Release|Any CPU = Release|Any CPU
	EndGlobalSection
	GlobalSection(ProjectConfigurationPlatforms) = postSolution
		{B68D2C8B-2A40-4C45-B3DA-F02F518EBFE9}.Debug|Any CPU.ActiveCfg = Debug|Any CPU
		{B68D2C8B-2A40-4C45-B3DA-F02F518EBFE9}.Release|Any CPU.ActiveCfg = Release|Any CPU
	EndGlobalSection
	GlobalSection(SolutionProperties) = preSolution
		HideSolutionNode = FALSE
	EndGlobalSection
	GlobalSection(ExtensibilityGlobals) = postSolution
		SolutionGuid = {9EA6A4C5-123A-4AA8-B1A9-5A87B35B388C}
	EndGlobalSection
EndGlobal
